# This file is autogenerated, do not edit; changes may be undone by the next 'dep ensure'.


[[projects]]
  name = "github.com/mibk/shellexec"
  packages = ["."]
  revision = "fcda0162f4c417d5ffc7c839e680d64b0c761ffe"
  version = "v0.1.0"

[solve-meta]
  analyzer-name = "dep"
  analyzer-version = 1
  inputs-digest = "36ffaaf78fcbd06d371a57838dbefcb9f7a1839951ac6870de5f9d998c6b18d9"
  solver-name = "gps-cdcl"
  solver-version = 1
